
Microsoft Visual Studio Solution File, Format Version 12.00
# Visual Studio Version 17
VisualStudioVersion = 17.13.35825.156 d17.13
MinimumVisualStudioVersion = 10.0.40219.1
Project("{D2ABAB84-BF74-430A-B69E-9DC6D40DDA17}") = "Desafio2CUBOPH203126", "Desafio2CUBOPH203126.dwproj", "{BDE2D634-9A36-95B0-5F44-8CC9672C2CB3}"
EndProject
Global
	GlobalSection(SolutionConfigurationPlatforms) = preSolution
		Development|Default = Development|Default
	EndGlobalSection
	GlobalSection(ProjectConfigurationPlatforms) = postSolution
		{BDE2D634-9A36-95B0-5F44-8CC9672C2CB3}.Development|Default.ActiveCfg = Development
		{BDE2D634-9A36-95B0-5F44-8CC9672C2CB3}.Development|Default.Build.0 = Development
		{BDE2D634-9A36-95B0-5F44-8CC9672C2CB3}.Development|Default.Deploy.0 = Development
	EndGlobalSection
	GlobalSection(SolutionProperties) = preSolution
		HideSolutionNode = FALSE
	EndGlobalSection
	GlobalSection(ExtensibilityGlobals) = postSolution
		SolutionGuid = {B6BAEAD6-DCC5-4DF6-9983-D1229F02E6F4}
	EndGlobalSection
EndGlobal
